
Microsoft Visual Studio Solution File, Format Version 12.00
# Visual Studio Version 16
VisualStudioVersion = 16.0.31424.327
MinimumVisualStudioVersion = 10.0.40219.1
Project("{9A19103F-16F7-4668-BE54-9A1E7A4F7556}") = "MapLocation.Server", "MapLocation\Server\MapLocation.Server.csproj", "{43E5483E-0295-4323-8815-011400C3B3C1}"
EndProject
Project("{9A19103F-16F7-4668-BE54-9A1E7A4F7556}") = "MapLocation.Client", "MapLocation\Client\MapLocation.Client.csproj", "{CE6BDD53-6800-4F65-BDD7-AD0AA581A4A3}"
EndProject
Project("{9A19103F-16F7-4668-BE54-9A1E7A4F7556}") = "MapLocation.Shared", "MapLocation\Shared\MapLocation.Shared.csproj", "{82C3F35F-4483-4743-9584-8CB141BA2AE8}"
EndProject
Project("{2150E333-8FDC-42A3-9474-1A3956D46DE8}") = "Services", "Services", "{044E3A7A-AB10-4958-A967-AC63E740EE5F}"
EndProject
Project("{2150E333-8FDC-42A3-9474-1A3956D46DE8}") = "MapLocation", "MapLocation", "{CAB57CE8-17EA-4681-916A-33EA691E15D4}"
EndProject
Global
	GlobalSection(SolutionConfigurationPlatforms) = preSolution
		Debug|Any CPU = Debug|Any CPU
		Release|Any CPU = Release|Any CPU
	EndGlobalSection
	GlobalSection(ProjectConfigurationPlatforms) = postSolution
		{43E5483E-0295-4323-8815-011400C3B3C1}.Debug|Any CPU.ActiveCfg = Debug|Any CPU
		{43E5483E-0295-4323-8815-011400C3B3C1}.Debug|Any CPU.Build.0 = Debug|Any CPU
		{43E5483E-0295-4323-8815-011400C3B3C1}.Release|Any CPU.ActiveCfg = Release|Any CPU
		{43E5483E-0295-4323-8815-011400C3B3C1}.Release|Any CPU.Build.0 = Release|Any CPU
		{CE6BDD53-6800-4F65-BDD7-AD0AA581A4A3}.Debug|Any CPU.ActiveCfg = Debug|Any CPU
		{CE6BDD53-6800-4F65-BDD7-AD0AA581A4A3}.Debug|Any CPU.Build.0 = Debug|Any CPU
		{CE6BDD53-6800-4F65-BDD7-AD0AA581A4A3}.Release|Any CPU.ActiveCfg = Release|Any CPU
		{CE6BDD53-6800-4F65-BDD7-AD0AA581A4A3}.Release|Any CPU.Build.0 = Release|Any CPU
		{82C3F35F-4483-4743-9584-8CB141BA2AE8}.Debug|Any CPU.ActiveCfg = Debug|Any CPU
		{82C3F35F-4483-4743-9584-8CB141BA2AE8}.Debug|Any CPU.Build.0 = Debug|Any CPU
		{82C3F35F-4483-4743-9584-8CB141BA2AE8}.Release|Any CPU.ActiveCfg = Release|Any CPU
		{82C3F35F-4483-4743-9584-8CB141BA2AE8}.Release|Any CPU.Build.0 = Release|Any CPU
	EndGlobalSection
	GlobalSection(SolutionProperties) = preSolution
		HideSolutionNode = FALSE
	EndGlobalSection
	GlobalSection(NestedProjects) = preSolution
		{43E5483E-0295-4323-8815-011400C3B3C1} = {CAB57CE8-17EA-4681-916A-33EA691E15D4}
		{CE6BDD53-6800-4F65-BDD7-AD0AA581A4A3} = {CAB57CE8-17EA-4681-916A-33EA691E15D4}
		{82C3F35F-4483-4743-9584-8CB141BA2AE8} = {CAB57CE8-17EA-4681-916A-33EA691E15D4}
	EndGlobalSection
	GlobalSection(ExtensibilityGlobals) = postSolution
		SolutionGuid = {595A97A0-D4F9-474A-B248-8E9FF10B0502}
	EndGlobalSection
EndGlobal
